
Microsoft Visual Studio Solution File, Format Version 12.00
# Visual Studio 15
Project("{FAE04EC0-301F-11D3-BF4B-00C04F79EFBC}") = "Assembly-CSharp", "Assembly-CSharp.csproj", "{3BE7D4E4-53BB-CBE2-EDAD-0EF16B792304}"
EndProject
Project("{FAE04EC0-301F-11D3-BF4B-00C04F79EFBC}") = "Assembly-CSharp-Editor", "Assembly-CSharp-Editor.csproj", "{3809E8F7-1ED4-B9B3-B193-570D421A8518}"
EndProject
Global
	GlobalSection(SolutionConfigurationPlatforms) = preSolution
		Debug|Any CPU = Debug|Any CPU
		Release|Any CPU = Release|Any CPU
	EndGlobalSection
	GlobalSection(ProjectConfigurationPlatforms) = postSolution
		{3BE7D4E4-53BB-CBE2-EDAD-0EF16B792304}.Debug|Any CPU.ActiveCfg = Debug|Any CPU
		{3BE7D4E4-53BB-CBE2-EDAD-0EF16B792304}.Debug|Any CPU.Build.0 = Debug|Any CPU
		{3BE7D4E4-53BB-CBE2-EDAD-0EF16B792304}.Release|Any CPU.ActiveCfg = Release|Any CPU
		{3BE7D4E4-53BB-CBE2-EDAD-0EF16B792304}.Release|Any CPU.Build.0 = Release|Any CPU
		{3809E8F7-1ED4-B9B3-B193-570D421A8518}.Debug|Any CPU.ActiveCfg = Debug|Any CPU
		{3809E8F7-1ED4-B9B3-B193-570D421A8518}.Debug|Any CPU.Build.0 = Debug|Any CPU
		{3809E8F7-1ED4-B9B3-B193-570D421A8518}.Release|Any CPU.ActiveCfg = Release|Any CPU
		{3809E8F7-1ED4-B9B3-B193-570D421A8518}.Release|Any CPU.Build.0 = Release|Any CPU
	EndGlobalSection
	GlobalSection(SolutionProperties) = preSolution
		HideSolutionNode = FALSE
	EndGlobalSection
EndGlobal
